
Microsoft Visual Studio Solution File, Format Version 12.00
# Visual Studio 14
VisualStudioVersion = 14.0.23107.0
MinimumVisualStudioVersion = 10.0.40219.1
Project("{FAE04EC0-301F-11D3-BF4B-00C04F79EFBC}") = "NotifiqueMe.Droid", "NotifiqueMe\NotifiqueMe.Droid\NotifiqueMe.Droid.csproj", "{2A74A81D-BF13-476E-9D47-FEE0B74D8135}"
EndProject
Project("{FAE04EC0-301F-11D3-BF4B-00C04F79EFBC}") = "NotifiqueMe.iOS", "NotifiqueMe\NotifiqueMe.iOS\NotifiqueMe.iOS.csproj", "{440731D9-7570-405B-8E83-388D44AA8351}"
EndProject
Project("{FAE04EC0-301F-11D3-BF4B-00C04F79EFBC}") = "NotifiqueMe.WinPhone", "NotifiqueMe\NotifiqueMe.WinPhone\NotifiqueMe.WinPhone.csproj", "{F85C444A-0F54-4309-9CC7-915862C00199}"
EndProject
Project("{FAE04EC0-301F-11D3-BF4B-00C04F79EFBC}") = "NotifiqueMe.Windows", "NotifiqueMe\NotifiqueMe.Windows\NotifiqueMe.Windows.csproj", "{70701238-D123-468B-B399-0DB780FE238D}"
EndProject
Project("{D954291E-2A0B-460D-934E-DC6B0785DB48}") = "NotifiqueMe", "NotifiqueMe\NotifiqueMe\NotifiqueMe.shproj", "{6A993B4A-B22F-4A60-9F3D-357E4901EA23}"
EndProject
Global
	GlobalSection(SharedMSBuildProjectFiles) = preSolution
		NotifiqueMe\NotifiqueMe\NotifiqueMe.projitems*{70701238-d123-468b-b399-0db780fe238d}*SharedItemsImports = 4
		NotifiqueMe\NotifiqueMe\NotifiqueMe.projitems*{6a993b4a-b22f-4a60-9f3d-357e4901ea23}*SharedItemsImports = 13
		NotifiqueMe\NotifiqueMe\NotifiqueMe.projitems*{440731d9-7570-405b-8e83-388d44aa8351}*SharedItemsImports = 4
		NotifiqueMe\NotifiqueMe\NotifiqueMe.projitems*{f85c444a-0f54-4309-9cc7-915862c00199}*SharedItemsImports = 4
		NotifiqueMe\NotifiqueMe\NotifiqueMe.projitems*{2a74a81d-bf13-476e-9d47-fee0b74d8135}*SharedItemsImports = 4
	EndGlobalSection
	GlobalSection(SolutionConfigurationPlatforms) = preSolution
		Ad-Hoc|Any CPU = Ad-Hoc|Any CPU
		Ad-Hoc|ARM = Ad-Hoc|ARM
		Ad-Hoc|iPhone = Ad-Hoc|iPhone
		Ad-Hoc|iPhoneSimulator = Ad-Hoc|iPhoneSimulator
		Ad-Hoc|x64 = Ad-Hoc|x64
		Ad-Hoc|x86 = Ad-Hoc|x86
		AppStore|Any CPU = AppStore|Any CPU
		AppStore|ARM = AppStore|ARM
		AppStore|iPhone = AppStore|iPhone
		AppStore|iPhoneSimulator = AppStore|iPhoneSimulator
		AppStore|x64 = AppStore|x64
		AppStore|x86 = AppStore|x86
		Debug|Any CPU = Debug|Any CPU
		Debug|ARM = Debug|ARM
		Debug|iPhone = Debug|iPhone
		Debug|iPhoneSimulator = Debug|iPhoneSimulator
		Debug|x64 = Debug|x64
		Debug|x86 = Debug|x86
		Release|Any CPU = Release|Any CPU
		Release|ARM = Release|ARM
		Release|iPhone = Release|iPhone
		Release|iPhoneSimulator = Release|iPhoneSimulator
		Release|x64 = Release|x64
		Release|x86 = Release|x86
	EndGlobalSection
	GlobalSection(ProjectConfigurationPlatforms) = postSolution
		{2A74A81D-BF13-476E-9D47-FEE0B74D8135}.Ad-Hoc|Any CPU.ActiveCfg = Release|Any CPU
		{2A74A81D-BF13-476E-9D47-FEE0B74D8135}.Ad-Hoc|Any CPU.Build.0 = Release|Any CPU
		{2A74A81D-BF13-476E-9D47-FEE0B74D8135}.Ad-Hoc|Any CPU.Deploy.0 = Release|Any CPU
		{2A74A81D-BF13-476E-9D47-FEE0B74D8135}.Ad-Hoc|ARM.ActiveCfg = Release|Any CPU
		{2A74A81D-BF13-476E-9D47-FEE0B74D8135}.Ad-Hoc|ARM.Build.0 = Release|Any CPU
		{2A74A81D-BF13-476E-9D47-FEE0B74D8135}.Ad-Hoc|ARM.Deploy.0 = Release|Any CPU
		{2A74A81D-BF13-476E-9D47-FEE0B74D8135}.Ad-Hoc|iPhone.ActiveCfg = Release|Any CPU
		{2A74A81D-BF13-476E-9D47-FEE0B74D8135}.Ad-Hoc|iPhone.Build.0 = Release|Any CPU
		{2A74A81D-BF13-476E-9D47-FEE0B74D8135}.Ad-Hoc|iPhone.Deploy.0 = Release|Any CPU
		{2A74A81D-BF13-476E-9D47-FEE0B74D8135}.Ad-Hoc|iPhoneSimulator.ActiveCfg = Release|Any CPU
		{2A74A81D-BF13-476E-9D47-FEE0B74D8135}.Ad-Hoc|iPhoneSimulator.Build.0 = Release|Any CPU
		{2A74A81D-BF13-476E-9D47-FEE0B74D8135}.Ad-Hoc|iPhoneSimulator.Deploy.0 = Release|Any CPU
		{2A74A81D-BF13-476E-9D47-FEE0B74D8135}.Ad-Hoc|x64.ActiveCfg = Release|Any CPU
		{2A74A81D-BF13-476E-9D47-FEE0B74D8135}.Ad-Hoc|x64.Build.0 = Release|Any CPU
		{2A74A81D-BF13-476E-9D47-FEE0B74D8135}.Ad-Hoc|x64.Deploy.0 = Release|Any CPU
		{2A74A81D-BF13-476E-9D47-FEE0B74D8135}.Ad-Hoc|x86.ActiveCfg = Release|Any CPU
		{2A74A81D-BF13-476E-9D47-FEE0B74D8135}.Ad-Hoc|x86.Build.0 = Release|Any CPU
		{2A74A81D-BF13-476E-9D47-FEE0B74D8135}.Ad-Hoc|x86.Deploy.0 = Release|Any CPU
		{2A74A81D-BF13-476E-9D47-FEE0B74D8135}.AppStore|Any CPU.ActiveCfg = Release|Any CPU
		{2A74A81D-BF13-476E-9D47-FEE0B74D8135}.AppStore|Any CPU.Build.0 = Release|Any CPU
		{2A74A81D-BF13-476E-9D47-FEE0B74D8135}.AppStore|Any CPU.Deploy.0 = Release|Any CPU
		{2A74A81D-BF13-476E-9D47-FEE0B74D8135}.AppStore|ARM.ActiveCfg = Release|Any CPU
		{2A74A81D-BF13-476E-9D47-FEE0B74D8135}.AppStore|ARM.Build.0 = Release|Any CPU
		{2A74A81D-BF13-476E-9D47-FEE0B74D8135}.AppStore|ARM.Deploy.0 = Release|Any CPU
		{2A74A81D-BF13-476E-9D47-FEE0B74D8135}.AppStore|iPhone.ActiveCfg = Release|Any CPU
		{2A74A81D-BF13-476E-9D47-FEE0B74D8135}.AppStore|iPhone.Build.0 = Release|Any CPU
		{2A74A81D-BF13-476E-9D47-FEE0B74D8135}.AppStore|iPhone.Deploy.0 = Release|Any CPU
		{2A74A81D-BF13-476E-9D47-FEE0B74D8135}.AppStore|iPhoneSimulator.ActiveCfg = Release|Any CPU
		{2A74A81D-BF13-476E-9D47-FEE0B74D8135}.AppStore|iPhoneSimulator.Build.0 = Release|Any CPU
		{2A74A81D-BF13-476E-9D47-FEE0B74D8135}.AppStore|iPhoneSimulator.Deploy.0 = Release|Any CPU
		{2A74A81D-BF13-476E-9D47-FEE0B74D8135}.AppStore|x64.ActiveCfg = Release|Any CPU
		{2A74A81D-BF13-476E-9D47-FEE0B74D8135}.AppStore|x64.Build.0 = Release|Any CPU
		{2A74A81D-BF13-476E-9D47-FEE0B74D8135}.AppStore|x64.Deploy.0 = Release|Any CPU
		{2A74A81D-BF13-476E-9D47-FEE0B74D8135}.AppStore|x86.ActiveCfg = Release|Any CPU
		{2A74A81D-BF13-476E-9D47-FEE0B74D8135}.AppStore|x86.Build.0 = Release|Any CPU
		{2A74A81D-BF13-476E-9D47-FEE0B74D8135}.AppStore|x86.Deploy.0 = Release|Any CPU
		{2A74A81D-BF13-476E-9D47-FEE0B74D8135}.Debug|Any CPU.ActiveCfg = Debug|Any CPU
		{2A74A81D-BF13-476E-9D47-FEE0B74D8135}.Debug|Any CPU.Build.0 = Debug|Any CPU
		{2A74A81D-BF13-476E-9D47-FEE0B74D8135}.Debug|Any CPU.Deploy.0 = Debug|Any CPU
		{2A74A81D-BF13-476E-9D47-FEE0B74D8135}.Debug|ARM.ActiveCfg = Debug|Any CPU
		{2A74A81D-BF13-476E-9D47-FEE0B74D8135}.Debug|ARM.Build.0 = Debug|Any CPU
		{2A74A81D-BF13-476E-9D47-FEE0B74D8135}.Debug|ARM.Deploy.0 = Debug|Any CPU
		{2A74A81D-BF13-476E-9D47-FEE0B74D8135}.Debug|iPhone.ActiveCfg = Debug|Any CPU
		{2A74A81D-BF13-476E-9D47-FEE0B74D8135}.Debug|iPhone.Build.0 = Debug|Any CPU
		{2A74A81D-BF13-476E-9D47-FEE0B74D8135}.Debug|iPhone.Deploy.0 = Debug|Any CPU
		{2A74A81D-BF13-476E-9D47-FEE0B74D8135}.Debug|iPhoneSimulator.ActiveCfg = Debug|Any CPU
		{2A74A81D-BF13-476E-9D47-FEE0B74D8135}.Debug|iPhoneSimulator.Build.0 = Debug|Any CPU
		{2A74A81D-BF13-476E-9D47-FEE0B74D8135}.Debug|iPhoneSimulator.Deploy.0 = Debug|Any CPU
		{2A74A81D-BF13-476E-9D47-FEE0B74D8135}.Debug|x64.ActiveCfg = Debug|Any CPU
		{2A74A81D-BF13-476E-9D47-FEE0B74D8135}.Debug|x64.Build.0 = Debug|Any CPU
		{2A74A81D-BF13-476E-9D47-FEE0B74D8135}.Debug|x64.Deploy.0 = Debug|Any CPU
		{2A74A81D-BF13-476E-9D47-FEE0B74D8135}.Debug|x86.ActiveCfg = Debug|Any CPU
		{2A74A81D-BF13-476E-9D47-FEE0B74D8135}.Debug|x86.Build.0 = Debug|Any CPU
		{2A74A81D-BF13-476E-9D47-FEE0B74D8135}.Debug|x86.Deploy.0 = Debug|Any CPU
		{2A74A81D-BF13-476E-9D47-FEE0B74D8135}.Release|Any CPU.ActiveCfg = Release|Any CPU
		{2A74A81D-BF13-476E-9D47-FEE0B74D8135}.Release|Any CPU.Build.0 = Release|Any CPU
		{2A74A81D-BF13-476E-9D47-FEE0B74D8135}.Release|Any CPU.Deploy.0 = Release|Any CPU
		{2A74A81D-BF13-476E-9D47-FEE0B74D8135}.Release|ARM.ActiveCfg = Release|Any CPU
		{2A74A81D-BF13-476E-9D47-FEE0B74D8135}.Release|ARM.Build.0 = Release|Any CPU
		{2A74A81D-BF13-476E-9D47-FEE0B74D8135}.Release|ARM.Deploy.0 = Release|Any CPU
		{2A74A81D-BF13-476E-9D47-FEE0B74D8135}.Release|iPhone.ActiveCfg = Release|Any CPU
		{2A74A81D-BF13-476E-9D47-FEE0B74D8135}.Release|iPhone.Build.0 = Release|Any CPU
		{2A74A81D-BF13-476E-9D47-FEE0B74D8135}.Release|iPhone.Deploy.0 = Release|Any CPU
		{2A74A81D-BF13-476E-9D47-FEE0B74D8135}.Release|iPhoneSimulator.ActiveCfg = Release|Any CPU
		{2A74A81D-BF13-476E-9D47-FEE0B74D8135}.Release|iPhoneSimulator.Build.0 = Release|Any CPU
		{2A74A81D-BF13-476E-9D47-FEE0B74D8135}.Release|iPhoneSimulator.Deploy.0 = Release|Any CPU
		{2A74A81D-BF13-476E-9D47-FEE0B74D8135}.Release|x64.ActiveCfg = Release|Any CPU
		{2A74A81D-BF13-476E-9D47-FEE0B74D8135}.Release|x64.Build.0 = Release|Any CPU
		{2A74A81D-BF13-476E-9D47-FEE0B74D8135}.Release|x64.Deploy.0 = Release|Any CPU
		{2A74A81D-BF13-476E-9D47-FEE0B74D8135}.Release|x86.ActiveCfg = Release|Any CPU
		{2A74A81D-BF13-476E-9D47-FEE0B74D8135}.Release|x86.Build.0 = Release|Any CPU
		{2A74A81D-BF13-476E-9D47-FEE0B74D8135}.Release|x86.Deploy.0 = Release|Any CPU
		{440731D9-7570-405B-8E83-388D44AA8351}.Ad-Hoc|Any CPU.ActiveCfg = Ad-Hoc|iPhone
		{440731D9-7570-405B-8E83-388D44AA8351}.Ad-Hoc|ARM.ActiveCfg = Ad-Hoc|iPhone
		{440731D9-7570-405B-8E83-388D44AA8351}.Ad-Hoc|iPhone.ActiveCfg = Ad-Hoc|iPhone
		{440731D9-7570-405B-8E83-388D44AA8351}.Ad-Hoc|iPhone.Build.0 = Ad-Hoc|iPhone
		{440731D9-7570-405B-8E83-388D44AA8351}.Ad-Hoc|iPhoneSimulator.ActiveCfg = Ad-Hoc|iPhoneSimulator
		{440731D9-7570-405B-8E83-388D44AA8351}.Ad-Hoc|iPhoneSimulator.Build.0 = Ad-Hoc|iPhoneSimulator
		{440731D9-7570-405B-8E83-388D44AA8351}.Ad-Hoc|x64.ActiveCfg = Ad-Hoc|iPhone
		{440731D9-7570-405B-8E83-388D44AA8351}.Ad-Hoc|x86.ActiveCfg = Ad-Hoc|iPhone
		{440731D9-7570-405B-8E83-388D44AA8351}.AppStore|Any CPU.ActiveCfg = AppStore|iPhone
		{440731D9-7570-405B-8E83-388D44AA8351}.AppStore|ARM.ActiveCfg = AppStore|iPhone
		{440731D9-7570-405B-8E83-388D44AA8351}.AppStore|iPhone.ActiveCfg = AppStore|iPhone
		{440731D9-7570-405B-8E83-388D44AA8351}.AppStore|iPhone.Build.0 = AppStore|iPhone
		{440731D9-7570-405B-8E83-388D44AA8351}.AppStore|iPhoneSimulator.ActiveCfg = AppStore|iPhoneSimulator
		{440731D9-7570-405B-8E83-388D44AA8351}.AppStore|iPhoneSimulator.Build.0 = AppStore|iPhoneSimulator
		{440731D9-7570-405B-8E83-388D44AA8351}.AppStore|x64.ActiveCfg = AppStore|iPhone
		{440731D9-7570-405B-8E83-388D44AA8351}.AppStore|x86.ActiveCfg = AppStore|iPhone
		{440731D9-7570-405B-8E83-388D44AA8351}.Debug|Any CPU.ActiveCfg = Debug|iPhone
		{440731D9-7570-405B-8E83-388D44AA8351}.Debug|ARM.ActiveCfg = Debug|iPhone
		{440731D9-7570-405B-8E83-388D44AA8351}.Debug|iPhone.ActiveCfg = Debug|iPhone
		{440731D9-7570-405B-8E83-388D44AA8351}.Debug|iPhone.Build.0 = Debug|iPhone
		{440731D9-7570-405B-8E83-388D44AA8351}.Debug|iPhoneSimulator.ActiveCfg = Debug|iPhoneSimulator
		{440731D9-7570-405B-8E83-388D44AA8351}.Debug|iPhoneSimulator.Build.0 = Debug|iPhoneSimulator
		{440731D9-7570-405B-8E83-388D44AA8351}.Debug|x64.ActiveCfg = Debug|iPhone
		{440731D9-7570-405B-8E83-388D44AA8351}.Debug|x86.ActiveCfg = Debug|iPhone
		{440731D9-7570-405B-8E83-388D44AA8351}.Release|Any CPU.ActiveCfg = Release|iPhone
		{440731D9-7570-405B-8E83-388D44AA8351}.Release|ARM.ActiveCfg = Release|iPhone
		{440731D9-7570-405B-8E83-388D44AA8351}.Release|iPhone.ActiveCfg = Release|iPhone
		{440731D9-7570-405B-8E83-388D44AA8351}.Release|iPhone.Build.0 = Release|iPhone
		{440731D9-7570-405B-8E83-388D44AA8351}.Release|iPhoneSimulator.ActiveCfg = Release|iPhoneSimulator
		{440731D9-7570-405B-8E83-388D44AA8351}.Release|iPhoneSimulator.Build.0 = Release|iPhoneSimulator
		{440731D9-7570-405B-8E83-388D44AA8351}.Release|x64.ActiveCfg = Release|iPhone
		{440731D9-7570-405B-8E83-388D44AA8351}.Release|x86.ActiveCfg = Release|iPhone
		{F85C444A-0F54-4309-9CC7-915862C00199}.Ad-Hoc|Any CPU.ActiveCfg = Release|Any CPU
		{F85C444A-0F54-4309-9CC7-915862C00199}.Ad-Hoc|Any CPU.Build.0 = Release|Any CPU
		{F85C444A-0F54-4309-9CC7-915862C00199}.Ad-Hoc|Any CPU.Deploy.0 = Release|Any CPU
		{F85C444A-0F54-4309-9CC7-915862C00199}.Ad-Hoc|ARM.ActiveCfg = Release|ARM
		{F85C444A-0F54-4309-9CC7-915862C00199}.Ad-Hoc|ARM.Build.0 = Release|ARM
		{F85C444A-0F54-4309-9CC7-915862C00199}.Ad-Hoc|ARM.Deploy.0 = Release|ARM
		{F85C444A-0F54-4309-9CC7-915862C00199}.Ad-Hoc|iPhone.ActiveCfg = Release|Any CPU
		{F85C444A-0F54-4309-9CC7-915862C00199}.Ad-Hoc|iPhone.Build.0 = Release|Any CPU
		{F85C444A-0F54-4309-9CC7-915862C00199}.Ad-Hoc|iPhone.Deploy.0 = Release|Any CPU
		{F85C444A-0F54-4309-9CC7-915862C00199}.Ad-Hoc|iPhoneSimulator.ActiveCfg = Release|Any CPU
		{F85C444A-0F54-4309-9CC7-915862C00199}.Ad-Hoc|iPhoneSimulator.Build.0 = Release|Any CPU
		{F85C444A-0F54-4309-9CC7-915862C00199}.Ad-Hoc|iPhoneSimulator.Deploy.0 = Release|Any CPU
		{F85C444A-0F54-4309-9CC7-915862C00199}.Ad-Hoc|x64.ActiveCfg = Release|Any CPU
		{F85C444A-0F54-4309-9CC7-915862C00199}.Ad-Hoc|x64.Build.0 = Release|Any CPU
		{F85C444A-0F54-4309-9CC7-915862C00199}.Ad-Hoc|x64.Deploy.0 = Release|Any CPU
		{F85C444A-0F54-4309-9CC7-915862C00199}.Ad-Hoc|x86.ActiveCfg = Release|x86
		{F85C444A-0F54-4309-9CC7-915862C00199}.Ad-Hoc|x86.Build.0 = Release|x86
		{F85C444A-0F54-4309-9CC7-915862C00199}.Ad-Hoc|x86.Deploy.0 = Release|x86
		{F85C444A-0F54-4309-9CC7-915862C00199}.AppStore|Any CPU.ActiveCfg = Release|Any CPU
		{F85C444A-0F54-4309-9CC7-915862C00199}.AppStore|Any CPU.Build.0 = Release|Any CPU
		{F85C444A-0F54-4309-9CC7-915862C00199}.AppStore|Any CPU.Deploy.0 = Release|Any CPU
		{F85C444A-0F54-4309-9CC7-915862C00199}.AppStore|ARM.ActiveCfg = Release|ARM
		{F85C444A-0F54-4309-9CC7-915862C00199}.AppStore|ARM.Build.0 = Release|ARM
		{F85C444A-0F54-4309-9CC7-915862C00199}.AppStore|ARM.Deploy.0 = Release|ARM
		{F85C444A-0F54-4309-9CC7-915862C00199}.AppStore|iPhone.ActiveCfg = Release|Any CPU
		{F85C444A-0F54-4309-9CC7-915862C00199}.AppStore|iPhone.Build.0 = Release|Any CPU
		{F85C444A-0F54-4309-9CC7-915862C00199}.AppStore|iPhone.Deploy.0 = Release|Any CPU
		{F85C444A-0F54-4309-9CC7-915862C00199}.AppStore|iPhoneSimulator.ActiveCfg = Release|Any CPU
		{F85C444A-0F54-4309-9CC7-915862C00199}.AppStore|iPhoneSimulator.Build.0 = Release|Any CPU
		{F85C444A-0F54-4309-9CC7-915862C00199}.AppStore|iPhoneSimulator.Deploy.0 = Release|Any CPU
		{F85C444A-0F54-4309-9CC7-915862C00199}.AppStore|x64.ActiveCfg = Release|Any CPU
		{F85C444A-0F54-4309-9CC7-915862C00199}.AppStore|x64.Build.0 = Release|Any CPU
		{F85C444A-0F54-4309-9CC7-915862C00199}.AppStore|x64.Deploy.0 = Release|Any CPU
		{F85C444A-0F54-4309-9CC7-915862C00199}.AppStore|x86.ActiveCfg = Release|x86
		{F85C444A-0F54-4309-9CC7-915862C00199}.AppStore|x86.Build.0 = Release|x86
		{F85C444A-0F54-4309-9CC7-915862C00199}.AppStore|x86.Deploy.0 = Release|x86
		{F85C444A-0F54-4309-9CC7-915862C00199}.Debug|Any CPU.ActiveCfg = Debug|Any CPU
		{F85C444A-0F54-4309-9CC7-915862C00199}.Debug|Any CPU.Build.0 = Debug|Any CPU
		{F85C444A-0F54-4309-9CC7-915862C00199}.Debug|Any CPU.Deploy.0 = Debug|Any CPU
		{F85C444A-0F54-4309-9CC7-915862C00199}.Debug|ARM.ActiveCfg = Debug|ARM
		{F85C444A-0F54-4309-9CC7-915862C00199}.Debug|ARM.Build.0 = Debug|ARM
		{F85C444A-0F54-4309-9CC7-915862C00199}.Debug|ARM.Deploy.0 = Debug|ARM
		{F85C444A-0F54-4309-9CC7-915862C00199}.Debug|iPhone.ActiveCfg = Debug|Any CPU
		{F85C444A-0F54-4309-9CC7-915862C00199}.Debug|iPhone.Build.0 = Debug|Any CPU
		{F85C444A-0F54-4309-9CC7-915862C00199}.Debug|iPhone.Deploy.0 = Debug|Any CPU
		{F85C444A-0F54-4309-9CC7-915862C00199}.Debug|iPhoneSimulator.ActiveCfg = Debug|Any CPU
		{F85C444A-0F54-4309-9CC7-915862C00199}.Debug|iPhoneSimulator.Build.0 = Debug|Any CPU
		{F85C444A-0F54-4309-9CC7-915862C00199}.Debug|iPhoneSimulator.Deploy.0 = Debug|Any CPU
		{F85C444A-0F54-4309-9CC7-915862C00199}.Debug|x64.ActiveCfg = Debug|Any CPU
		{F85C444A-0F54-4309-9CC7-915862C00199}.Debug|x64.Build.0 = Debug|Any CPU
		{F85C444A-0F54-4309-9CC7-915862C00199}.Debug|x64.Deploy.0 = Debug|Any CPU
		{F85C444A-0F54-4309-9CC7-915862C00199}.Debug|x86.ActiveCfg = Debug|x86
		{F85C444A-0F54-4309-9CC7-915862C00199}.Debug|x86.Build.0 = Debug|x86
		{F85C444A-0F54-4309-9CC7-915862C00199}.Debug|x86.Deploy.0 = Debug|x86
		{F85C444A-0F54-4309-9CC7-915862C00199}.Release|Any CPU.ActiveCfg = Release|Any CPU
		{F85C444A-0F54-4309-9CC7-915862C00199}.Release|Any CPU.Build.0 = Release|Any CPU
		{F85C444A-0F54-4309-9CC7-915862C00199}.Release|Any CPU.Deploy.0 = Release|Any CPU
		{F85C444A-0F54-4309-9CC7-915862C00199}.Release|ARM.ActiveCfg = Release|ARM
		{F85C444A-0F54-4309-9CC7-915862C00199}.Release|ARM.Build.0 = Release|ARM
		{F85C444A-0F54-4309-9CC7-915862C00199}.Release|ARM.Deploy.0 = Release|ARM
		{F85C444A-0F54-4309-9CC7-915862C00199}.Release|iPhone.ActiveCfg = Release|Any CPU
		{F85C444A-0F54-4309-9CC7-915862C00199}.Release|iPhone.Build.0 = Release|Any CPU
		{F85C444A-0F54-4309-9CC7-915862C00199}.Release|iPhone.Deploy.0 = Release|Any CPU
		{F85C444A-0F54-4309-9CC7-915862C00199}.Release|iPhoneSimulator.ActiveCfg = Release|Any CPU
		{F85C444A-0F54-4309-9CC7-915862C00199}.Release|iPhoneSimulator.Build.0 = Release|Any CPU
		{F85C444A-0F54-4309-9CC7-915862C00199}.Release|iPhoneSimulator.Deploy.0 = Release|Any CPU
		{F85C444A-0F54-4309-9CC7-915862C00199}.Release|x64.ActiveCfg = Release|Any CPU
		{F85C444A-0F54-4309-9CC7-915862C00199}.Release|x64.Build.0 = Release|Any CPU
		{F85C444A-0F54-4309-9CC7-915862C00199}.Release|x64.Deploy.0 = Release|Any CPU
		{F85C444A-0F54-4309-9CC7-915862C00199}.Release|x86.ActiveCfg = Release|x86
		{F85C444A-0F54-4309-9CC7-915862C00199}.Release|x86.Build.0 = Release|x86
		{F85C444A-0F54-4309-9CC7-915862C00199}.Release|x86.Deploy.0 = Release|x86
		{70701238-D123-468B-B399-0DB780FE238D}.Ad-Hoc|Any CPU.ActiveCfg = Release|Any CPU
		{70701238-D123-468B-B399-0DB780FE238D}.Ad-Hoc|Any CPU.Build.0 = Release|Any CPU
		{70701238-D123-468B-B399-0DB780FE238D}.Ad-Hoc|Any CPU.Deploy.0 = Release|Any CPU
		{70701238-D123-468B-B399-0DB780FE238D}.Ad-Hoc|ARM.ActiveCfg = Release|ARM
		{70701238-D123-468B-B399-0DB780FE238D}.Ad-Hoc|ARM.Build.0 = Release|ARM
		{70701238-D123-468B-B399-0DB780FE238D}.Ad-Hoc|ARM.Deploy.0 = Release|ARM
		{70701238-D123-468B-B399-0DB780FE238D}.Ad-Hoc|iPhone.ActiveCfg = Release|Any CPU
		{70701238-D123-468B-B399-0DB780FE238D}.Ad-Hoc|iPhone.Build.0 = Release|Any CPU
		{70701238-D123-468B-B399-0DB780FE238D}.Ad-Hoc|iPhone.Deploy.0 = Release|Any CPU
		{70701238-D123-468B-B399-0DB780FE238D}.Ad-Hoc|iPhoneSimulator.ActiveCfg = Release|Any CPU
		{70701238-D123-468B-B399-0DB780FE238D}.Ad-Hoc|iPhoneSimulator.Build.0 = Release|Any CPU
		{70701238-D123-468B-B399-0DB780FE238D}.Ad-Hoc|iPhoneSimulator.Deploy.0 = Release|Any CPU
		{70701238-D123-468B-B399-0DB780FE238D}.Ad-Hoc|x64.ActiveCfg = Release|x64
		{70701238-D123-468B-B399-0DB780FE238D}.Ad-Hoc|x64.Build.0 = Release|x64
		{70701238-D123-468B-B399-0DB780FE238D}.Ad-Hoc|x64.Deploy.0 = Release|x64
		{70701238-D123-468B-B399-0DB780FE238D}.Ad-Hoc|x86.ActiveCfg = Release|x86
		{70701238-D123-468B-B399-0DB780FE238D}.Ad-Hoc|x86.Build.0 = Release|x86
		{70701238-D123-468B-B399-0DB780FE238D}.Ad-Hoc|x86.Deploy.0 = Release|x86
		{70701238-D123-468B-B399-0DB780FE238D}.AppStore|Any CPU.ActiveCfg = Release|Any CPU
		{70701238-D123-468B-B399-0DB780FE238D}.AppStore|Any CPU.Build.0 = Release|Any CPU
		{70701238-D123-468B-B399-0DB780FE238D}.AppStore|Any CPU.Deploy.0 = Release|Any CPU
		{70701238-D123-468B-B399-0DB780FE238D}.AppStore|ARM.ActiveCfg = Release|ARM
		{70701238-D123-468B-B399-0DB780FE238D}.AppStore|ARM.Build.0 = Release|ARM
		{70701238-D123-468B-B399-0DB780FE238D}.AppStore|ARM.Deploy.0 = Release|ARM
		{70701238-D123-468B-B399-0DB780FE238D}.AppStore|iPhone.ActiveCfg = Release|Any CPU
		{70701238-D123-468B-B399-0DB780FE238D}.AppStore|iPhone.Build.0 = Release|Any CPU
		{70701238-D123-468B-B399-0DB780FE238D}.AppStore|iPhone.Deploy.0 = Release|Any CPU
		{70701238-D123-468B-B399-0DB780FE238D}.AppStore|iPhoneSimulator.ActiveCfg = Release|Any CPU
		{70701238-D123-468B-B399-0DB780FE238D}.AppStore|iPhoneSimulator.Build.0 = Release|Any CPU
		{70701238-D123-468B-B399-0DB780FE238D}.AppStore|iPhoneSimulator.Deploy.0 = Release|Any CPU
		{70701238-D123-468B-B399-0DB780FE238D}.AppStore|x64.ActiveCfg = Release|x64
		{70701238-D123-468B-B399-0DB780FE238D}.AppStore|x64.Build.0 = Release|x64
		{70701238-D123-468B-B399-0DB780FE238D}.AppStore|x64.Deploy.0 = Release|x64
		{70701238-D123-468B-B399-0DB780FE238D}.AppStore|x86.ActiveCfg = Release|x86
		{70701238-D123-468B-B399-0DB780FE238D}.AppStore|x86.Build.0 = Release|x86
		{70701238-D123-468B-B399-0DB780FE238D}.AppStore|x86.Deploy.0 = Release|x86
		{70701238-D123-468B-B399-0DB780FE238D}.Debug|Any CPU.ActiveCfg = Debug|Any CPU
		{70701238-D123-468B-B399-0DB780FE238D}.Debug|Any CPU.Build.0 = Debug|Any CPU
		{70701238-D123-468B-B399-0DB780FE238D}.Debug|Any CPU.Deploy.0 = Debug|Any CPU
		{70701238-D123-468B-B399-0DB780FE238D}.Debug|ARM.ActiveCfg = Debug|ARM
		{70701238-D123-468B-B399-0DB780FE238D}.Debug|ARM.Build.0 = Debug|ARM
		{70701238-D123-468B-B399-0DB780FE238D}.Debug|ARM.Deploy.0 = Debug|ARM
		{70701238-D123-468B-B399-0DB780FE238D}.Debug|iPhone.ActiveCfg = Debug|Any CPU
		{70701238-D123-468B-B399-0DB780FE238D}.Debug|iPhone.Build.0 = Debug|Any CPU
		{70701238-D123-468B-B399-0DB780FE238D}.Debug|iPhone.Deploy.0 = Debug|Any CPU
		{70701238-D123-468B-B399-0DB780FE238D}.Debug|iPhoneSimulator.ActiveCfg = Debug|Any CPU
		{70701238-D123-468B-B399-0DB780FE238D}.Debug|iPhoneSimulator.Build.0 = Debug|Any CPU
		{70701238-D123-468B-B399-0DB780FE238D}.Debug|iPhoneSimulator.Deploy.0 = Debug|Any CPU
		{70701238-D123-468B-B399-0DB780FE238D}.Debug|x64.ActiveCfg = Debug|x64
		{70701238-D123-468B-B399-0DB780FE238D}.Debug|x64.Build.0 = Debug|x64
		{70701238-D123-468B-B399-0DB780FE238D}.Debug|x64.Deploy.0 = Debug|x64
		{70701238-D123-468B-B399-0DB780FE238D}.Debug|x86.ActiveCfg = Debug|x86
		{70701238-D123-468B-B399-0DB780FE238D}.Debug|x86.Build.0 = Debug|x86
		{70701238-D123-468B-B399-0DB780FE238D}.Debug|x86.Deploy.0 = Debug|x86
		{70701238-D123-468B-B399-0DB780FE238D}.Release|Any CPU.ActiveCfg = Release|Any CPU
		{70701238-D123-468B-B399-0DB780FE238D}.Release|Any CPU.Build.0 = Release|Any CPU
		{70701238-D123-468B-B399-0DB780FE238D}.Release|Any CPU.Deploy.0 = Release|Any CPU
		{70701238-D123-468B-B399-0DB780FE238D}.Release|ARM.ActiveCfg = Release|ARM
		{70701238-D123-468B-B399-0DB780FE238D}.Release|ARM.Build.0 = Release|ARM
		{70701238-D123-468B-B399-0DB780FE238D}.Release|ARM.Deploy.0 = Release|ARM
		{70701238-D123-468B-B399-0DB780FE238D}.Release|iPhone.ActiveCfg = Release|Any CPU
		{70701238-D123-468B-B399-0DB780FE238D}.Release|iPhone.Build.0 = Release|Any CPU
		{70701238-D123-468B-B399-0DB780FE238D}.Release|iPhone.Deploy.0 = Release|Any CPU
		{70701238-D123-468B-B399-0DB780FE238D}.Release|iPhoneSimulator.ActiveCfg = Release|Any CPU
		{70701238-D123-468B-B399-0DB780FE238D}.Release|iPhoneSimulator.Build.0 = Release|Any CPU
		{70701238-D123-468B-B399-0DB780FE238D}.Release|iPhoneSimulator.Deploy.0 = Release|Any CPU
		{70701238-D123-468B-B399-0DB780FE238D}.Release|x64.ActiveCfg = Release|x64
		{70701238-D123-468B-B399-0DB780FE238D}.Release|x64.Build.0 = Release|x64
		{70701238-D123-468B-B399-0DB780FE238D}.Release|x64.Deploy.0 = Release|x64
		{70701238-D123-468B-B399-0DB780FE238D}.Release|x86.ActiveCfg = Release|x86
		{70701238-D123-468B-B399-0DB780FE238D}.Release|x86.Build.0 = Release|x86
		{70701238-D123-468B-B399-0DB780FE238D}.Release|x86.Deploy.0 = Release|x86
	EndGlobalSection
	GlobalSection(SolutionProperties) = preSolution
		HideSolutionNode = FALSE
	EndGlobalSection
EndGlobal
